// !$*UTF8*$!
{
	archiveVersion = 1;
	classes = {
	};
	objectVersion = 50;
	objects = {

/* Begin PBXBuildFile section */
		920FE25B262F2AA3009EDFD5 /* FormApp.swift in Sources */ = {isa = PBXBuildFile; fileRef = 920FE248262F2AA3009EDFD5 /* FormApp.swift */; };
		920FE25C262F2AA3009EDFD5 /* FormApp.swift in Sources */ = {isa = PBXBuildFile; fileRef = 920FE248262F2AA3009EDFD5 /* FormApp.swift */; };
		920FE25D262F2AA3009EDFD5 /* ContentView.swift in Sources */ = {isa = PBXBuildFile; fileRef = 920FE249262F2AA3009EDFD5 /* ContentView.swift */; };
		920FE25E262F2AA3009EDFD5 /* ContentView.swift in Sources */ = {isa = PBXBuildFile; fileRef = 920FE249262F2AA3009EDFD5 /* ContentView.swift */; };
		920FE25F262F2AA3009EDFD5 /* Assets.xcassets in Resources */ = {isa = PBXBuildFile; fileRef = 920FE24A262F2AA3009EDFD5 /* Assets.xcassets */; };
		920FE260262F2AA3009EDFD5 /* Assets.xcassets in Resources */ = {isa = PBXBuildFile; fileRef = 920FE24A262F2AA3009EDFD5 /* Assets.xcassets */; };
		920FE26C262F2AB7009EDFD5 /* FormViewModel.swift in Sources */ = {isa = PBXBuildFile; fileRef = 920FE26B262F2AB7009EDFD5 /* FormViewModel.swift */; };
		920FE26D262F2AB7009EDFD5 /* FormViewModel.swift in Sources */ = {isa = PBXBuildFile; fileRef = 920FE26B262F2AB7009EDFD5 /* FormViewModel.swift */; };
		920FE275262F2B67009EDFD5 /* TextInputFormField.swift in Sources */ = {isa = PBXBuildFile; fileRef = 920FE274262F2B67009EDFD5 /* TextInputFormField.swift */; };
		920FE276262F2B67009EDFD5 /* TextInputFormField.swift in Sources */ = {isa = PBXBuildFile; fileRef = 920FE274262F2B67009EDFD5 /* TextInputFormField.swift */; };
		920FE27A263010C7009EDFD5 /* Profile.swift in Sources */ = {isa = PBXBuildFile; fileRef = 920FE279263010C7009EDFD5 /* Profile.swift */; };
		920FE27B263010C7009EDFD5 /* Profile.swift in Sources */ = {isa = PBXBuildFile; fileRef = 920FE279263010C7009EDFD5 /* Profile.swift */; };
		9236494826303A1D0037C96A /* PickerFormField.swift in Sources */ = {isa = PBXBuildFile; fileRef = 9236494726303A1D0037C96A /* PickerFormField.swift */; };
		9236494926303A1D0037C96A /* PickerFormField.swift in Sources */ = {isa = PBXBuildFile; fileRef = 9236494726303A1D0037C96A /* PickerFormField.swift */; };
		9236496826304A300037C96A /* PrimaryButton.swift in Sources */ = {isa = PBXBuildFile; fileRef = 9236496726304A300037C96A /* PrimaryButton.swift */; };
		9236496926304A300037C96A /* PrimaryButton.swift in Sources */ = {isa = PBXBuildFile; fileRef = 9236496726304A300037C96A /* PrimaryButton.swift */; };
		9236496D26305CF80037C96A /* Color+Custom.swift in Sources */ = {isa = PBXBuildFile; fileRef = 9236496C26305CF80037C96A /* Color+Custom.swift */; };
		9236496E26305CF80037C96A /* Color+Custom.swift in Sources */ = {isa = PBXBuildFile; fileRef = 9236496C26305CF80037C96A /* Color+Custom.swift */; };
		9236497226305D9E0037C96A /* Font+Custom.swift in Sources */ = {isa = PBXBuildFile; fileRef = 9236497126305D9E0037C96A /* Font+Custom.swift */; };
		9236497326305D9E0037C96A /* Font+Custom.swift in Sources */ = {isa = PBXBuildFile; fileRef = 9236497126305D9E0037C96A /* Font+Custom.swift */; };
		92364978263069B00037C96A /* Address.swift in Sources */ = {isa = PBXBuildFile; fileRef = 92364977263069B00037C96A /* Address.swift */; };
		92364979263069B00037C96A /* Address.swift in Sources */ = {isa = PBXBuildFile; fileRef = 92364977263069B00037C96A /* Address.swift */; };
		926A776F26307A5900F356D2 /* StyledTextField.swift in Sources */ = {isa = PBXBuildFile; fileRef = 926A776E26307A5900F356D2 /* StyledTextField.swift */; };
		926A777026307A5900F356D2 /* StyledTextField.swift in Sources */ = {isa = PBXBuildFile; fileRef = 926A776E26307A5900F356D2 /* StyledTextField.swift */; };
		926A777426307B5900F356D2 /* LinkFormField.swift in Sources */ = {isa = PBXBuildFile; fileRef = 926A777326307B5900F356D2 /* LinkFormField.swift */; };
		926A777526307B5900F356D2 /* LinkFormField.swift in Sources */ = {isa = PBXBuildFile; fileRef = 926A777326307B5900F356D2 /* LinkFormField.swift */; };
		926A7779263080B300F356D2 /* FormView.swift in Sources */ = {isa = PBXBuildFile; fileRef = 926A7778263080B300F356D2 /* FormView.swift */; };
		926A777A263080B300F356D2 /* FormView.swift in Sources */ = {isa = PBXBuildFile; fileRef = 926A7778263080B300F356D2 /* FormView.swift */; };
		926A77802630824000F356D2 /* ChangePassword.swift in Sources */ = {isa = PBXBuildFile; fileRef = 926A777F2630824000F356D2 /* ChangePassword.swift */; };
		926A77812630824000F356D2 /* ChangePassword.swift in Sources */ = {isa = PBXBuildFile; fileRef = 926A777F2630824000F356D2 /* ChangePassword.swift */; };
/* End PBXBuildFile section */

/* Begin PBXFileReference section */
		920FE248262F2AA3009EDFD5 /* FormApp.swift */ = {isa = PBXFileReference; lastKnownFileType = sourcecode.swift; path = FormApp.swift; sourceTree = "<group>"; };
		920FE249262F2AA3009EDFD5 /* ContentView.swift */ = {isa = PBXFileReference; lastKnownFileType = sourcecode.swift; path = ContentView.swift; sourceTree = "<group>"; };
		920FE24A262F2AA3009EDFD5 /* Assets.xcassets */ = {isa = PBXFileReference; lastKnownFileType = folder.assetcatalog; path = Assets.xcassets; sourceTree = "<group>"; };
		920FE24F262F2AA3009EDFD5 /* Form.app */ = {isa = PBXFileReference; explicitFileType = wrapper.application; includeInIndex = 0; path = Form.app; sourceTree = BUILT_PRODUCTS_DIR; };
		920FE252262F2AA3009EDFD5 /* Info.plist */ = {isa = PBXFileReference; lastKnownFileType = text.plist.xml; path = Info.plist; sourceTree = "<group>"; };
		920FE257262F2AA3009EDFD5 /* Form.app */ = {isa = PBXFileReference; explicitFileType = wrapper.application; includeInIndex = 0; path = Form.app; sourceTree = BUILT_PRODUCTS_DIR; };
		920FE259262F2AA3009EDFD5 /* Info.plist */ = {isa = PBXFileReference; lastKnownFileType = text.plist.xml; path = Info.plist; sourceTree = "<group>"; };
		920FE25A262F2AA3009EDFD5 /* macOS.entitlements */ = {isa = PBXFileReference; lastKnownFileType = text.plist.entitlements; path = macOS.entitlements; sourceTree = "<group>"; };
		920FE26B262F2AB7009EDFD5 /* FormViewModel.swift */ = {isa = PBXFileReference; lastKnownFileType = sourcecode.swift; path = FormViewModel.swift; sourceTree = "<group>"; };
		920FE274262F2B67009EDFD5 /* TextInputFormField.swift */ = {isa = PBXFileReference; lastKnownFileType = sourcecode.swift; path = TextInputFormField.swift; sourceTree = "<group>"; };
		920FE279263010C7009EDFD5 /* Profile.swift */ = {isa = PBXFileReference; lastKnownFileType = sourcecode.swift; path = Profile.swift; sourceTree = "<group>"; };
		9236494726303A1D0037C96A /* PickerFormField.swift */ = {isa = PBXFileReference; lastKnownFileType = sourcecode.swift; path = PickerFormField.swift; sourceTree = "<group>"; };
		9236496726304A300037C96A /* PrimaryButton.swift */ = {isa = PBXFileReference; lastKnownFileType = sourcecode.swift; path = PrimaryButton.swift; sourceTree = "<group>"; };
		9236496C26305CF80037C96A /* Color+Custom.swift */ = {isa = PBXFileReference; lastKnownFileType = sourcecode.swift; path = "Color+Custom.swift"; sourceTree = "<group>"; };
		9236497126305D9E0037C96A /* Font+Custom.swift */ = {isa = PBXFileReference; lastKnownFileType = sourcecode.swift; path = "Font+Custom.swift"; sourceTree = "<group>"; };
		92364977263069B00037C96A /* Address.swift */ = {isa = PBXFileReference; lastKnownFileType = sourcecode.swift; path = Address.swift; sourceTree = "<group>"; };
		926A776E26307A5900F356D2 /* StyledTextField.swift */ = {isa = PBXFileReference; lastKnownFileType = sourcecode.swift; path = StyledTextField.swift; sourceTree = "<group>"; };
		926A777326307B5900F356D2 /* LinkFormField.swift */ = {isa = PBXFileReference; lastKnownFileType = sourcecode.swift; path = LinkFormField.swift; sourceTree = "<group>"; };
		926A7778263080B300F356D2 /* FormView.swift */ = {isa = PBXFileReference; lastKnownFileType = sourcecode.swift; path = FormView.swift; sourceTree = "<group>"; };
		926A777F2630824000F356D2 /* ChangePassword.swift */ = {isa = PBXFileReference; lastKnownFileType = sourcecode.swift; path = ChangePassword.swift; sourceTree = "<group>"; };
/* End PBXFileReference section */

/* Begin PBXFrameworksBuildPhase section */
		920FE24C262F2AA3009EDFD5 /* Frameworks */ = {
			isa = PBXFrameworksBuildPhase;
			buildActionMask = 2147483647;
			files = (
			);
			runOnlyForDeploymentPostprocessing = 0;
		};
		920FE254262F2AA3009EDFD5 /* Frameworks */ = {
			isa = PBXFrameworksBuildPhase;
			buildActionMask = 2147483647;
			files = (
			);
			runOnlyForDeploymentPostprocessing = 0;
		};
/* End PBXFrameworksBuildPhase section */

/* Begin PBXGroup section */
		920FE242262F2AA3009EDFD5 = {
			isa = PBXGroup;
			children = (
				920FE247262F2AA3009EDFD5 /* Shared */,
				920FE251262F2AA3009EDFD5 /* iOS */,
				920FE258262F2AA3009EDFD5 /* macOS */,
				920FE250262F2AA3009EDFD5 /* Products */,
			);
			sourceTree = "<group>";
		};
		920FE247262F2AA3009EDFD5 /* Shared */ = {
			isa = PBXGroup;
			children = (
				92364977263069B00037C96A /* Address.swift */,
				920FE24A262F2AA3009EDFD5 /* Assets.xcassets */,
				9236496C26305CF80037C96A /* Color+Custom.swift */,
				920FE249262F2AA3009EDFD5 /* ContentView.swift */,
				9236497126305D9E0037C96A /* Font+Custom.swift */,
				920FE248262F2AA3009EDFD5 /* FormApp.swift */,
				926A7778263080B300F356D2 /* FormView.swift */,
				920FE26B262F2AB7009EDFD5 /* FormViewModel.swift */,
				926A777326307B5900F356D2 /* LinkFormField.swift */,
				9236494726303A1D0037C96A /* PickerFormField.swift */,
				9236496726304A300037C96A /* PrimaryButton.swift */,
				920FE279263010C7009EDFD5 /* Profile.swift */,
				926A776E26307A5900F356D2 /* StyledTextField.swift */,
				920FE274262F2B67009EDFD5 /* TextInputFormField.swift */,
				926A777F2630824000F356D2 /* ChangePassword.swift */,
			);
			path = Shared;
			sourceTree = "<group>";
		};
		920FE250262F2AA3009EDFD5 /* Products */ = {
			isa = PBXGroup;
			children = (
				920FE24F262F2AA3009EDFD5 /* Form.app */,
				920FE257262F2AA3009EDFD5 /* Form.app */,
			);
			name = Products;
			sourceTree = "<group>";
		};
		920FE251262F2AA3009EDFD5 /* iOS */ = {
			isa = PBXGroup;
			children = (
				920FE252262F2AA3009EDFD5 /* Info.plist */,
			);
			path = iOS;
			sourceTree = "<group>";
		};
		920FE258262F2AA3009EDFD5 /* macOS */ = {
			isa = PBXGroup;
			children = (
				920FE259262F2AA3009EDFD5 /* Info.plist */,
				920FE25A262F2AA3009EDFD5 /* macOS.entitlements */,
			);
			path = macOS;
			sourceTree = "<group>";
		};
/* End PBXGroup section */

/* Begin PBXNativeTarget section */
		920FE24E262F2AA3009EDFD5 /* Form (iOS) */ = {
			isa = PBXNativeTarget;
			buildConfigurationList = 920FE263262F2AA3009EDFD5 /* Build configuration list for PBXNativeTarget "Form (iOS)" */;
			buildPhases = (
				920FE24B262F2AA3009EDFD5 /* Sources */,
				920FE24C262F2AA3009EDFD5 /* Frameworks */,
				920FE24D262F2AA3009EDFD5 /* Resources */,
			);
			buildRules = (
			);
			dependencies = (
			);
			name = "Form (iOS)";
			productName = "Form (iOS)";
			productReference = 920FE24F262F2AA3009EDFD5 /* Form.app */;
			productType = "com.apple.product-type.application";
		};
		920FE256262F2AA3009EDFD5 /* Form (macOS) */ = {
			isa = PBXNativeTarget;
			buildConfigurationList = 920FE266262F2AA3009EDFD5 /* Build configuration list for PBXNativeTarget "Form (macOS)" */;
			buildPhases = (
				920FE253262F2AA3009EDFD5 /* Sources */,
				920FE254262F2AA3009EDFD5 /* Frameworks */,
				920FE255262F2AA3009EDFD5 /* Resources */,
			);
			buildRules = (
			);
			dependencies = (
			);
			name = "Form (macOS)";
			productName = "Form (macOS)";
			productReference = 920FE257262F2AA3009EDFD5 /* Form.app */;
			productType = "com.apple.product-type.application";
		};
/* End PBXNativeTarget section */

/* Begin PBXProject section */
		920FE243262F2AA3009EDFD5 /* Project object */ = {
			isa = PBXProject;
			attributes = {
				LastSwiftUpdateCheck = 1240;
				LastUpgradeCheck = 1240;
				TargetAttributes = {
					920FE24E262F2AA3009EDFD5 = {
						CreatedOnToolsVersion = 12.4;
					};
					920FE256262F2AA3009EDFD5 = {
						CreatedOnToolsVersion = 12.4;
					};
				};
			};
			buildConfigurationList = 920FE246262F2AA3009EDFD5 /* Build configuration list for PBXProject "Form" */;
			compatibilityVersion = "Xcode 9.3";
			developmentRegion = en;
			hasScannedForEncodings = 0;
			knownRegions = (
				en,
				Base,
			);
			mainGroup = 920FE242262F2AA3009EDFD5;
			productRefGroup = 920FE250262F2AA3009EDFD5 /* Products */;
			projectDirPath = "";
			projectRoot = "";
			targets = (
				920FE24E262F2AA3009EDFD5 /* Form (iOS) */,
				920FE256262F2AA3009EDFD5 /* Form (macOS) */,
			);
		};
/* End PBXProject section */

/* Begin PBXResourcesBuildPhase section */
		920FE24D262F2AA3009EDFD5 /* Resources */ = {
			isa = PBXResourcesBuildPhase;
			buildActionMask = 2147483647;
			files = (
				920FE25F262F2AA3009EDFD5 /* Assets.xcassets in Resources */,
			);
			runOnlyForDeploymentPostprocessing = 0;
		};
		920FE255262F2AA3009EDFD5 /* Resources */ = {
			isa = PBXResourcesBuildPhase;
			buildActionMask = 2147483647;
			files = (
				920FE260262F2AA3009EDFD5 /* Assets.xcassets in Resources */,
			);
			runOnlyForDeploymentPostprocessing = 0;
		};
/* End PBXResourcesBuildPhase section */

/* Begin PBXSourcesBuildPhase section */
		920FE24B262F2AA3009EDFD5 /* Sources */ = {
			isa = PBXSourcesBuildPhase;
			buildActionMask = 2147483647;
			files = (
				926A7779263080B300F356D2 /* FormView.swift in Sources */,
				920FE275262F2B67009EDFD5 /* TextInputFormField.swift in Sources */,
				920FE27A263010C7009EDFD5 /* Profile.swift in Sources */,
				9236496D26305CF80037C96A /* Color+Custom.swift in Sources */,
				9236494826303A1D0037C96A /* PickerFormField.swift in Sources */,
				926A777426307B5900F356D2 /* LinkFormField.swift in Sources */,
				926A77802630824000F356D2 /* ChangePassword.swift in Sources */,
				926A776F26307A5900F356D2 /* StyledTextField.swift in Sources */,
				92364978263069B00037C96A /* Address.swift in Sources */,
				9236497226305D9E0037C96A /* Font+Custom.swift in Sources */,
				920FE26C262F2AB7009EDFD5 /* FormViewModel.swift in Sources */,
				9236496826304A300037C96A /* PrimaryButton.swift in Sources */,
				920FE25D262F2AA3009EDFD5 /* ContentView.swift in Sources */,
				920FE25B262F2AA3009EDFD5 /* FormApp.swift in Sources */,
			);
			runOnlyForDeploymentPostprocessing = 0;
		};
		920FE253262F2AA3009EDFD5 /* Sources */ = {
			isa = PBXSourcesBuildPhase;
			buildActionMask = 2147483647;
			files = (
				926A777A263080B300F356D2 /* FormView.swift in Sources */,
				920FE276262F2B67009EDFD5 /* TextInputFormField.swift in Sources */,
				920FE27B263010C7009EDFD5 /* Profile.swift in Sources */,
				9236496E26305CF80037C96A /* Color+Custom.swift in Sources */,
				9236494926303A1D0037C96A /* PickerFormField.swift in Sources */,
				926A777526307B5900F356D2 /* LinkFormField.swift in Sources */,
				926A77812630824000F356D2 /* ChangePassword.swift in Sources */,
				926A777026307A5900F356D2 /* StyledTextField.swift in Sources */,
				92364979263069B00037C96A /* Address.swift in Sources */,
				9236497326305D9E0037C96A /* Font+Custom.swift in Sources */,
				920FE26D262F2AB7009EDFD5 /* FormViewModel.swift in Sources */,
				9236496926304A300037C96A /* PrimaryButton.swift in Sources */,
				920FE25E262F2AA3009EDFD5 /* ContentView.swift in Sources */,
				920FE25C262F2AA3009EDFD5 /* FormApp.swift in Sources */,
			);
			runOnlyForDeploymentPostprocessing = 0;
		};
/* End PBXSourcesBuildPhase section */

/* Begin XCBuildConfiguration section */
		920FE261262F2AA3009EDFD5 /* Debug */ = {
			isa = XCBuildConfiguration;
			buildSettings = {
				ALWAYS_SEARCH_USER_PATHS = NO;
				CLANG_ANALYZER_NONNULL = YES;
				CLANG_ANALYZER_NUMBER_OBJECT_CONVERSION = YES_AGGRESSIVE;
				CLANG_CXX_LANGUAGE_STANDARD = "gnu++14";
				CLANG_CXX_LIBRARY = "libc++";
				CLANG_ENABLE_MODULES = YES;
				CLANG_ENABLE_OBJC_ARC = YES;
				CLANG_ENABLE_OBJC_WEAK = YES;
				CLANG_WARN_BLOCK_CAPTURE_AUTORELEASING = YES;
				CLANG_WARN_BOOL_CONVERSION = YES;
				CLANG_WARN_COMMA = YES;
				CLANG_WARN_CONSTANT_CONVERSION = YES;
				CLANG_WARN_DEPRECATED_OBJC_IMPLEMENTATIONS = YES;
				CLANG_WARN_DIRECT_OBJC_ISA_USAGE = YES_ERROR;
				CLANG_WARN_DOCUMENTATION_COMMENTS = YES;
				CLANG_WARN_EMPTY_BODY = YES;
				CLANG_WARN_ENUM_CONVERSION = YES;
				CLANG_WARN_INFINITE_RECURSION = YES;
				CLANG_WARN_INT_CONVERSION = YES;
				CLANG_WARN_NON_LITERAL_NULL_CONVERSION = YES;
				CLANG_WARN_OBJC_IMPLICIT_RETAIN_SELF = YES;
				CLANG_WARN_OBJC_LITERAL_CONVERSION = YES;
				CLANG_WARN_OBJC_ROOT_CLASS = YES_ERROR;
				CLANG_WARN_QUOTED_INCLUDE_IN_FRAMEWORK_HEADER = YES;
				CLANG_WARN_RANGE_LOOP_ANALYSIS = YES;
				CLANG_WARN_STRICT_PROTOTYPES = YES;
				CLANG_WARN_SUSPICIOUS_MOVE = YES;
				CLANG_WARN_UNGUARDED_AVAILABILITY = YES_AGGRESSIVE;
				CLANG_WARN_UNREACHABLE_CODE = YES;
				CLANG_WARN__DUPLICATE_METHOD_MATCH = YES;
				COPY_PHASE_STRIP = NO;
				DEBUG_INFORMATION_FORMAT = dwarf;
				ENABLE_STRICT_OBJC_MSGSEND = YES;
				ENABLE_TESTABILITY = YES;
				GCC_C_LANGUAGE_STANDARD = gnu11;
				GCC_DYNAMIC_NO_PIC = NO;
				GCC_NO_COMMON_BLOCKS = YES;
				GCC_OPTIMIZATION_LEVEL = 0;
				GCC_PREPROCESSOR_DEFINITIONS = (
					"DEBUG=1",
					"$(inherited)",
				);
				GCC_WARN_64_TO_32_BIT_CONVERSION = YES;
				GCC_WARN_ABOUT_RETURN_TYPE = YES_ERROR;
				GCC_WARN_UNDECLARED_SELECTOR = YES;
				GCC_WARN_UNINITIALIZED_AUTOS = YES_AGGRESSIVE;
				GCC_WARN_UNUSED_FUNCTION = YES;
				GCC_WARN_UNUSED_VARIABLE = YES;
				MTL_ENABLE_DEBUG_INFO = INCLUDE_SOURCE;
				MTL_FAST_MATH = YES;
				ONLY_ACTIVE_ARCH = YES;
				SWIFT_ACTIVE_COMPILATION_CONDITIONS = DEBUG;
				SWIFT_OPTIMIZATION_LEVEL = "-Onone";
			};
			name = Debug;
		};
		920FE262262F2AA3009EDFD5 /* Release */ = {
			isa = XCBuildConfiguration;
			buildSettings = {
				ALWAYS_SEARCH_USER_PATHS = NO;
				CLANG_ANALYZER_NONNULL = YES;
				CLANG_ANALYZER_NUMBER_OBJECT_CONVERSION = YES_AGGRESSIVE;
				CLANG_CXX_LANGUAGE_STANDARD = "gnu++14";
				CLANG_CXX_LIBRARY = "libc++";
				CLANG_ENABLE_MODULES = YES;
				CLANG_ENABLE_OBJC_ARC = YES;
				CLANG_ENABLE_OBJC_WEAK = YES;
				CLANG_WARN_BLOCK_CAPTURE_AUTORELEASING = YES;
				CLANG_WARN_BOOL_CONVERSION = YES;
				CLANG_WARN_COMMA = YES;
				CLANG_WARN_CONSTANT_CONVERSION = YES;
				CLANG_WARN_DEPRECATED_OBJC_IMPLEMENTATIONS = YES;
				CLANG_WARN_DIRECT_OBJC_ISA_USAGE = YES_ERROR;
				CLANG_WARN_DOCUMENTATION_COMMENTS = YES;
				CLANG_WARN_EMPTY_BODY = YES;
				CLANG_WARN_ENUM_CONVERSION = YES;
				CLANG_WARN_INFINITE_RECURSION = YES;
				CLANG_WARN_INT_CONVERSION = YES;
				CLANG_WARN_NON_LITERAL_NULL_CONVERSION = YES;
				CLANG_WARN_OBJC_IMPLICIT_RETAIN_SELF = YES;
				CLANG_WARN_OBJC_LITERAL_CONVERSION = YES;
				CLANG_WARN_OBJC_ROOT_CLASS = YES_ERROR;
				CLANG_WARN_QUOTED_INCLUDE_IN_FRAMEWORK_HEADER = YES;
				CLANG_WARN_RANGE_LOOP_ANALYSIS = YES;
				CLANG_WARN_STRICT_PROTOTYPES = YES;
				CLANG_WARN_SUSPICIOUS_MOVE = YES;
				CLANG_WARN_UNGUARDED_AVAILABILITY = YES_AGGRESSIVE;
				CLANG_WARN_UNREACHABLE_CODE = YES;
				CLANG_WARN__DUPLICATE_METHOD_MATCH = YES;
				COPY_PHASE_STRIP = NO;
				DEBUG_INFORMATION_FORMAT = "dwarf-with-dsym";
				ENABLE_NS_ASSERTIONS = NO;
				ENABLE_STRICT_OBJC_MSGSEND = YES;
				GCC_C_LANGUAGE_STANDARD = gnu11;
				GCC_NO_COMMON_BLOCKS = YES;
				GCC_WARN_64_TO_32_BIT_CONVERSION = YES;
				GCC_WARN_ABOUT_RETURN_TYPE = YES_ERROR;
				GCC_WARN_UNDECLARED_SELECTOR = YES;
				GCC_WARN_UNINITIALIZED_AUTOS = YES_AGGRESSIVE;
				GCC_WARN_UNUSED_FUNCTION = YES;
				GCC_WARN_UNUSED_VARIABLE = YES;
				MTL_ENABLE_DEBUG_INFO = NO;
				MTL_FAST_MATH = YES;
				SWIFT_COMPILATION_MODE = wholemodule;
				SWIFT_OPTIMIZATION_LEVEL = "-O";
			};
			name = Release;
		};
		920FE264262F2AA3009EDFD5 /* Debug */ = {
			isa = XCBuildConfiguration;
			buildSettings = {
				ASSETCATALOG_COMPILER_APPICON_NAME = AppIcon;
				ASSETCATALOG_COMPILER_GLOBAL_ACCENT_COLOR_NAME = AccentColor;
				CODE_SIGN_STYLE = Automatic;
				DEVELOPMENT_TEAM = PDZQ328Z44;
				ENABLE_PREVIEWS = YES;
				INFOPLIST_FILE = iOS/Info.plist;
				IPHONEOS_DEPLOYMENT_TARGET = 14.0;
				LD_RUNPATH_SEARCH_PATHS = (
					"$(inherited)",
					"@executable_path/Frameworks",
				);
				PRODUCT_BUNDLE_IDENTIFIER = com.lyndseypenman.Form;
				PRODUCT_NAME = Form;
				SDKROOT = iphoneos;
				SWIFT_VERSION = 5.0;
				TARGETED_DEVICE_FAMILY = "1,2";
			};
			name = Debug;
		};
		920FE265262F2AA3009EDFD5 /* Release */ = {
			isa = XCBuildConfiguration;
			buildSettings = {
				ASSETCATALOG_COMPILER_APPICON_NAME = AppIcon;
				ASSETCATALOG_COMPILER_GLOBAL_ACCENT_COLOR_NAME = AccentColor;
				CODE_SIGN_STYLE = Automatic;
				DEVELOPMENT_TEAM = PDZQ328Z44;
				ENABLE_PREVIEWS = YES;
				INFOPLIST_FILE = iOS/Info.plist;
				IPHONEOS_DEPLOYMENT_TARGET = 14.0;
				LD_RUNPATH_SEARCH_PATHS = (
					"$(inherited)",
					"@executable_path/Frameworks",
				);
				PRODUCT_BUNDLE_IDENTIFIER = com.lyndseypenman.Form;
				PRODUCT_NAME = Form;
				SDKROOT = iphoneos;
				SWIFT_VERSION = 5.0;
				TARGETED_DEVICE_FAMILY = "1,2";
				VALIDATE_PRODUCT = YES;
			};
			name = Release;
		};
		920FE267262F2AA3009EDFD5 /* Debug */ = {
			isa = XCBuildConfiguration;
			buildSettings = {
				ASSETCATALOG_COMPILER_APPICON_NAME = AppIcon;
				ASSETCATALOG_COMPILER_GLOBAL_ACCENT_COLOR_NAME = AccentColor;
				CODE_SIGN_ENTITLEMENTS = macOS/macOS.entitlements;
				CODE_SIGN_STYLE = Automatic;
				COMBINE_HIDPI_IMAGES = YES;
				DEVELOPMENT_TEAM = PDZQ328Z44;
				ENABLE_HARDENED_RUNTIME = YES;
				ENABLE_PREVIEWS = YES;
				INFOPLIST_FILE = macOS/Info.plist;
				LD_RUNPATH_SEARCH_PATHS = (
					"$(inherited)",
					"@executable_path/../Frameworks",
				);
				MACOSX_DEPLOYMENT_TARGET = 11.0;
				PRODUCT_BUNDLE_IDENTIFIER = com.lyndseypenman.Form;
				PRODUCT_NAME = Form;
				SDKROOT = macosx;
				SWIFT_VERSION = 5.0;
			};
			name = Debug;
		};
		920FE268262F2AA3009EDFD5 /* Release */ = {
			isa = XCBuildConfiguration;
			buildSettings = {
				ASSETCATALOG_COMPILER_APPICON_NAME = AppIcon;
				ASSETCATALOG_COMPILER_GLOBAL_ACCENT_COLOR_NAME = AccentColor;
				CODE_SIGN_ENTITLEMENTS = macOS/macOS.entitlements;
				CODE_SIGN_STYLE = Automatic;
				COMBINE_HIDPI_IMAGES = YES;
				DEVELOPMENT_TEAM = PDZQ328Z44;
				ENABLE_HARDENED_RUNTIME = YES;
				ENABLE_PREVIEWS = YES;
				INFOPLIST_FILE = macOS/Info.plist;
				LD_RUNPATH_SEARCH_PATHS = (
					"$(inherited)",
					"@executable_path/../Frameworks",
				);
				MACOSX_DEPLOYMENT_TARGET = 11.0;
				PRODUCT_BUNDLE_IDENTIFIER = com.lyndseypenman.Form;
				PRODUCT_NAME = Form;
				SDKROOT = macosx;
				SWIFT_VERSION = 5.0;
			};
			name = Release;
		};
/* End XCBuildConfiguration section */

/* Begin XCConfigurationList section */
		920FE246262F2AA3009EDFD5 /* Build configuration list for PBXProject "Form" */ = {
			isa = XCConfigurationList;
			buildConfigurations = (
				920FE261262F2AA3009EDFD5 /* Debug */,
				920FE262262F2AA3009EDFD5 /* Release */,
			);
			defaultConfigurationIsVisible = 0;
			defaultConfigurationName = Release;
		};
		920FE263262F2AA3009EDFD5 /* Build configuration list for PBXNativeTarget "Form (iOS)" */ = {
			isa = XCConfigurationList;
			buildConfigurations = (
				920FE264262F2AA3009EDFD5 /* Debug */,
				920FE265262F2AA3009EDFD5 /* Release */,
			);
			defaultConfigurationIsVisible = 0;
			defaultConfigurationName = Release;
		};
		920FE266262F2AA3009EDFD5 /* Build configuration list for PBXNativeTarget "Form (macOS)" */ = {
			isa = XCConfigurationList;
			buildConfigurations = (
				920FE267262F2AA3009EDFD5 /* Debug */,
				920FE268262F2AA3009EDFD5 /* Release */,
			);
			defaultConfigurationIsVisible = 0;
			defaultConfigurationName = Release;
		};
/* End XCConfigurationList section */
	};
	rootObject = 920FE243262F2AA3009EDFD5 /* Project object */;
}
